
Microsoft Visual Studio Solution File, Format Version 12.00
# Visual Studio Version 16
VisualStudioVersion = 16.0.30225.117
MinimumVisualStudioVersion = 10.0.40219.1
Project("{FAE04EC0-301F-11D3-BF4B-00C04F79EFBC}") = "CKAN-core", "Core\CKAN-core.csproj", "{3B9AEA22-FA3B-4E43-9283-EABDD81CF271}"
EndProject
Project("{FAE04EC0-301F-11D3-BF4B-00C04F79EFBC}") = "CKAN-autoupdate", "AutoUpdate\CKAN-autoupdate.csproj", "{E5B1C768-349E-4DAF-A134-56E4ECF1EEEF}"
EndProject
Project("{FAE04EC0-301F-11D3-BF4B-00C04F79EFBC}") = "CKAN-cmdline", "Cmdline\CKAN-cmdline.csproj", "{E97D81F6-85E2-4F1F-906D-BE21766602E5}"
EndProject
Project("{FAE04EC0-301F-11D3-BF4B-00C04F79EFBC}") = "CKAN-ConsoleUI", "ConsoleUI\CKAN-ConsoleUI.csproj", "{DA5C7023-9A3B-4204-AE2F-BBA6C388B436}"
EndProject
Project("{FAE04EC0-301F-11D3-BF4B-00C04F79EFBC}") = "CKAN-GUI", "GUI\CKAN-GUI.csproj", "{A79F9D54-315C-472B-928F-713A5860B2BE}"
EndProject
Project("{FAE04EC0-301F-11D3-BF4B-00C04F79EFBC}") = "CKAN-netkan", "Netkan\CKAN-netkan.csproj", "{4336F356-33DB-442A-BF74-5E89AF47A5B9}"
EndProject
Project("{FAE04EC0-301F-11D3-BF4B-00C04F79EFBC}") = "Tests", "Tests\Tests.csproj", "{4F41255E-8BC1-465B-82D5-1C5665BC099A}"
EndProject
Global
	GlobalSection(SolutionConfigurationPlatforms) = preSolution
		Debug|Any CPU = Debug|Any CPU
		Release|Any CPU = Release|Any CPU
		NoGUI|Any CPU = NoGUI|Any CPU
	EndGlobalSection
	GlobalSection(ProjectConfigurationPlatforms) = postSolution
		{3B9AEA22-FA3B-4E43-9283-EABDD81CF271}.Debug|Any CPU.ActiveCfg = Debug|Any CPU
		{3B9AEA22-FA3B-4E43-9283-EABDD81CF271}.Debug|Any CPU.Build.0 = Debug|Any CPU
		{3B9AEA22-FA3B-4E43-9283-EABDD81CF271}.Release|Any CPU.ActiveCfg = Release|Any CPU
		{3B9AEA22-FA3B-4E43-9283-EABDD81CF271}.Release|Any CPU.Build.0 = Release|Any CPU
		{3B9AEA22-FA3B-4E43-9283-EABDD81CF271}.NoGUI|Any CPU.ActiveCfg = NoGUI|Any CPU
		{3B9AEA22-FA3B-4E43-9283-EABDD81CF271}.NoGUI|Any CPU.Build.0 = NoGUI|Any CPU
		{E5B1C768-349E-4DAF-A134-56E4ECF1EEEF}.Debug|Any CPU.ActiveCfg = Debug|Any CPU
		{E5B1C768-349E-4DAF-A134-56E4ECF1EEEF}.Debug|Any CPU.Build.0 = Debug|Any CPU
		{E5B1C768-349E-4DAF-A134-56E4ECF1EEEF}.Release|Any CPU.ActiveCfg = Release|Any CPU
		{E5B1C768-349E-4DAF-A134-56E4ECF1EEEF}.Release|Any CPU.Build.0 = Release|Any CPU
		{E5B1C768-349E-4DAF-A134-56E4ECF1EEEF}.NoGUI|Any CPU.ActiveCfg = NoGUI|Any CPU
		{E97D81F6-85E2-4F1F-906D-BE21766602E5}.Debug|Any CPU.ActiveCfg = Debug|Any CPU
		{E97D81F6-85E2-4F1F-906D-BE21766602E5}.Debug|Any CPU.Build.0 = Debug|Any CPU
		{E97D81F6-85E2-4F1F-906D-BE21766602E5}.Release|Any CPU.ActiveCfg = Release|Any CPU
		{E97D81F6-85E2-4F1F-906D-BE21766602E5}.Release|Any CPU.Build.0 = Release|Any CPU
		{E97D81F6-85E2-4F1F-906D-BE21766602E5}.NoGUI|Any CPU.ActiveCfg = NoGUI|Any CPU
		{E97D81F6-85E2-4F1F-906D-BE21766602E5}.NoGUI|Any CPU.Build.0 = NoGUI|Any CPU
		{DA5C7023-9A3B-4204-AE2F-BBA6C388B436}.Debug|Any CPU.ActiveCfg = Debug|Any CPU
		{DA5C7023-9A3B-4204-AE2F-BBA6C388B436}.Debug|Any CPU.Build.0 = Debug|Any CPU
		{DA5C7023-9A3B-4204-AE2F-BBA6C388B436}.Release|Any CPU.ActiveCfg = Release|Any CPU
		{DA5C7023-9A3B-4204-AE2F-BBA6C388B436}.Release|Any CPU.Build.0 = Release|Any CPU
		{DA5C7023-9A3B-4204-AE2F-BBA6C388B436}.NoGUI|Any CPU.ActiveCfg = NoGUI|Any CPU
		{DA5C7023-9A3B-4204-AE2F-BBA6C388B436}.NoGUI|Any CPU.Build.0 = NoGUI|Any CPU
		{A79F9D54-315C-472B-928F-713A5860B2BE}.Debug|Any CPU.ActiveCfg = Debug|Any CPU
		{A79F9D54-315C-472B-928F-713A5860B2BE}.Debug|Any CPU.Build.0 = Debug|Any CPU
		{A79F9D54-315C-472B-928F-713A5860B2BE}.Release|Any CPU.ActiveCfg = Release|Any CPU
		{A79F9D54-315C-472B-928F-713A5860B2BE}.Release|Any CPU.Build.0 = Release|Any CPU
		{A79F9D54-315C-472B-928F-713A5860B2BE}.NoGUI|Any CPU.ActiveCfg = NoGUI|Any CPU
		{4336F356-33DB-442A-BF74-5E89AF47A5B9}.Debug|Any CPU.ActiveCfg = Debug|Any CPU
		{4336F356-33DB-442A-BF74-5E89AF47A5B9}.Debug|Any CPU.Build.0 = Debug|Any CPU
		{4336F356-33DB-442A-BF74-5E89AF47A5B9}.Release|Any CPU.ActiveCfg = Release|Any CPU
		{4336F356-33DB-442A-BF74-5E89AF47A5B9}.Release|Any CPU.Build.0 = Release|Any CPU
		{4336F356-33DB-442A-BF74-5E89AF47A5B9}.NoGUI|Any CPU.ActiveCfg = NoGUI|Any CPU
		{4336F356-33DB-442A-BF74-5E89AF47A5B9}.NoGUI|Any CPU.Build.0 = NoGUI|Any CPU
		{4F41255E-8BC1-465B-82D5-1C5665BC099A}.Debug|Any CPU.ActiveCfg = Debug|Any CPU
		{4F41255E-8BC1-465B-82D5-1C5665BC099A}.Debug|Any CPU.Build.0 = Debug|Any CPU
		{4F41255E-8BC1-465B-82D5-1C5665BC099A}.Release|Any CPU.ActiveCfg = Release|Any CPU
		{4F41255E-8BC1-465B-82D5-1C5665BC099A}.Release|Any CPU.Build.0 = Release|Any CPU
		{4F41255E-8BC1-465B-82D5-1C5665BC099A}.NoGUI|Any CPU.ActiveCfg = NoGUI|Any CPU
		{4F41255E-8BC1-465B-82D5-1C5665BC099A}.NoGUI|Any CPU.Build.0 = NoGUI|Any CPU
	EndGlobalSection
	GlobalSection(SolutionProperties) = preSolution
		HideSolutionNode = FALSE
	EndGlobalSection
	GlobalSection(MonoDevelopProperties) = preSolution
		Policies = $0
		$0.TextStylePolicy = $1
		$1.inheritsSet = VisualStudio
		$1.inheritsScope = text/plain
		$1.scope = text/x-csharp
		$0.CSharpFormattingPolicy = $2
		$2.IndentSwitchBody = True
		$2.IndentBlocksInsideExpressions = True
		$2.AnonymousMethodBraceStyle = NextLine
		$2.PropertyBraceStyle = NextLine
		$2.PropertyGetBraceStyle = NextLine
		$2.PropertySetBraceStyle = NextLine
		$2.EventBraceStyle = NextLine
		$2.EventAddBraceStyle = NextLine
		$2.EventRemoveBraceStyle = NextLine
		$2.StatementBraceStyle = NextLine
		$2.ElseNewLinePlacement = NewLine
		$2.CatchNewLinePlacement = NewLine
		$2.FinallyNewLinePlacement = NewLine
		$2.WhileNewLinePlacement = DoNotCare
		$2.ArrayInitializerWrapping = DoNotChange
		$2.ArrayInitializerBraceStyle = NextLine
		$2.BeforeMethodDeclarationParentheses = False
		$2.BeforeMethodCallParentheses = False
		$2.BeforeConstructorDeclarationParentheses = False
		$2.NewLineBeforeConstructorInitializerColon = NewLine
		$2.NewLineAfterConstructorInitializerColon = SameLine
		$2.BeforeDelegateDeclarationParentheses = False
		$2.NewParentheses = False
		$2.SpacesBeforeBrackets = False
		$2.inheritsSet = Mono
		$2.inheritsScope = text/x-csharp
		$2.scope = text/x-csharp
		$2.SpaceAfterMethodCallName = False
	EndGlobalSection
EndGlobal
