
Microsoft Visual Studio Solution File, Format Version 12.00
# Visual Studio 2013
VisualStudioVersion = 12.0.21005.1
MinimumVisualStudioVersion = 10.0.40219.1
Project("{FAE04EC0-301F-11D3-BF4B-00C04F79EFBC}") = "CmdLine", "CmdLine.csproj", "{E97D81F6-85E2-4F1F-906D-BE21766602E5}"
	ProjectSection(ProjectDependencies) = postProject
		{A79F9D54-315C-472B-928F-713A5860B2BE} = {A79F9D54-315C-472B-928F-713A5860B2BE}
	EndProjectSection
EndProject
Project("{FAE04EC0-301F-11D3-BF4B-00C04F79EFBC}") = "CKAN-GUI", "..\CKAN-GUI\CKAN-GUI.csproj", "{A79F9D54-315C-472B-928F-713A5860B2BE}"
EndProject
Global
	GlobalSection(SolutionConfigurationPlatforms) = preSolution
		Debug|Any CPU = Debug|Any CPU
	EndGlobalSection
	GlobalSection(ProjectConfigurationPlatforms) = postSolution
		{E97D81F6-85E2-4F1F-906D-BE21766602E5}.Debug|Any CPU.ActiveCfg = Debug|Any CPU
		{E97D81F6-85E2-4F1F-906D-BE21766602E5}.Debug|Any CPU.Build.0 = Debug|Any CPU
		{A79F9D54-315C-472B-928F-713A5860B2BE}.Debug|Any CPU.ActiveCfg = Debug|Any CPU
		{A79F9D54-315C-472B-928F-713A5860B2BE}.Debug|Any CPU.Build.0 = Debug|Any CPU
	EndGlobalSection
	GlobalSection(SolutionProperties) = preSolution
		HideSolutionNode = FALSE
	EndGlobalSection
EndGlobal
