
Microsoft Visual Studio Solution File, Format Version 11.00
# Visual Studio 2010
Project("{FAE04EC0-301F-11D3-BF4B-00C04F79EFBC}") = "CKAN", "CKAN\CKAN.csproj", "{3B9AEA22-FA3B-4E43-9283-EABDD81CF271}"
EndProject
Project("{FAE04EC0-301F-11D3-BF4B-00C04F79EFBC}") = "Tests", "Tests\Tests.csproj", "{92442BD6-F533-4BB8-8E04-9D93A038035E}"
EndProject
Project("{FAE04EC0-301F-11D3-BF4B-00C04F79EFBC}") = "CmdLine", "CmdLine\CmdLine.csproj", "{E97D81F6-85E2-4F1F-906D-BE21766602E5}"
EndProject
Global
	GlobalSection(SolutionConfigurationPlatforms) = preSolution
		Debug|x86 = Debug|x86
		Release|x86 = Release|x86
	EndGlobalSection
	GlobalSection(ProjectConfigurationPlatforms) = postSolution
		{3B9AEA22-FA3B-4E43-9283-EABDD81CF271}.Debug|x86.ActiveCfg = Debug|x86
		{3B9AEA22-FA3B-4E43-9283-EABDD81CF271}.Debug|x86.Build.0 = Debug|x86
		{3B9AEA22-FA3B-4E43-9283-EABDD81CF271}.Release|x86.ActiveCfg = Release|x86
		{3B9AEA22-FA3B-4E43-9283-EABDD81CF271}.Release|x86.Build.0 = Release|x86
		{92442BD6-F533-4BB8-8E04-9D93A038035E}.Debug|x86.ActiveCfg = Debug|Any CPU
		{92442BD6-F533-4BB8-8E04-9D93A038035E}.Debug|x86.Build.0 = Debug|Any CPU
		{92442BD6-F533-4BB8-8E04-9D93A038035E}.Release|x86.ActiveCfg = Release|Any CPU
		{92442BD6-F533-4BB8-8E04-9D93A038035E}.Release|x86.Build.0 = Release|Any CPU
		{E97D81F6-85E2-4F1F-906D-BE21766602E5}.Debug|x86.ActiveCfg = Debug|x86
		{E97D81F6-85E2-4F1F-906D-BE21766602E5}.Debug|x86.Build.0 = Debug|x86
		{E97D81F6-85E2-4F1F-906D-BE21766602E5}.Release|x86.ActiveCfg = Release|x86
		{E97D81F6-85E2-4F1F-906D-BE21766602E5}.Release|x86.Build.0 = Release|x86
	EndGlobalSection
	GlobalSection(MonoDevelopProperties) = preSolution
		StartupItem = CKAN\CKAN.csproj
		Policies = $0
		$0.TextStylePolicy = $1
		$1.inheritsSet = null
		$1.scope = text/x-csharp
		$0.CSharpFormattingPolicy = $2
		$2.ElseIfNewLinePlacement = SameLine
		$2.AfterDelegateDeclarationParameterComma = True
		$2.inheritsSet = Mono
		$2.inheritsScope = text/x-csharp
		$2.scope = text/x-csharp
		$0.TextStylePolicy = $3
		$3.inheritsSet = VisualStudio
		$3.inheritsScope = text/plain
		$3.scope = text/plain
	EndGlobalSection
EndGlobal
