
Microsoft Visual Studio Solution File, Format Version 12.00
# Visual Studio 2013
VisualStudioVersion = 12.0.21005.1
MinimumVisualStudioVersion = 10.0.40219.1
Project("{FAE04EC0-301F-11D3-BF4B-00C04F79EFBC}") = "CKAN", "CKAN\CKAN.csproj", "{3B9AEA22-FA3B-4E43-9283-EABDD81CF271}"
EndProject
Project("{FAE04EC0-301F-11D3-BF4B-00C04F79EFBC}") = "Tests", "Tests\Tests.csproj", "{92442BD6-F533-4BB8-8E04-9D93A038035E}"
EndProject
Project("{FAE04EC0-301F-11D3-BF4B-00C04F79EFBC}") = "CmdLine", "CmdLine\CmdLine.csproj", "{E97D81F6-85E2-4F1F-906D-BE21766602E5}"
EndProject
Project("{FAE04EC0-301F-11D3-BF4B-00C04F79EFBC}") = "CKAN-GUI", "GUI\CKAN-GUI.csproj", "{A79F9D54-315C-472B-928F-713A5860B2BE}"
EndProject
Project("{FAE04EC0-301F-11D3-BF4B-00C04F79EFBC}") = "NetKAN", "NetKAN\NetKAN.csproj", "{4336F356-33DB-442A-BF74-5E89AF47A5B9}"
EndProject
Global
	GlobalSection(SolutionConfigurationPlatforms) = preSolution
		Debug|Any CPU = Debug|Any CPU
		Debug|x86 = Debug|x86
		Release|Any CPU = Release|Any CPU
		Release|x86 = Release|x86
	EndGlobalSection
	GlobalSection(ProjectConfigurationPlatforms) = postSolution
		{3B9AEA22-FA3B-4E43-9283-EABDD81CF271}.Debug|Any CPU.ActiveCfg = Debug|x86
		{3B9AEA22-FA3B-4E43-9283-EABDD81CF271}.Debug|Any CPU.Build.0 = Debug|x86
		{3B9AEA22-FA3B-4E43-9283-EABDD81CF271}.Debug|x86.ActiveCfg = Debug|x86
		{3B9AEA22-FA3B-4E43-9283-EABDD81CF271}.Debug|x86.Build.0 = Debug|x86
		{3B9AEA22-FA3B-4E43-9283-EABDD81CF271}.Release|Any CPU.ActiveCfg = Release|x86
		{3B9AEA22-FA3B-4E43-9283-EABDD81CF271}.Release|Any CPU.Build.0 = Release|x86
		{3B9AEA22-FA3B-4E43-9283-EABDD81CF271}.Release|x86.ActiveCfg = Release|x86
		{92442BD6-F533-4BB8-8E04-9D93A038035E}.Debug|Any CPU.ActiveCfg = Debug|Any CPU
		{92442BD6-F533-4BB8-8E04-9D93A038035E}.Debug|Any CPU.Build.0 = Debug|Any CPU
		{92442BD6-F533-4BB8-8E04-9D93A038035E}.Debug|x86.ActiveCfg = Debug|Any CPU
		{92442BD6-F533-4BB8-8E04-9D93A038035E}.Release|Any CPU.ActiveCfg = Release|Any CPU
		{92442BD6-F533-4BB8-8E04-9D93A038035E}.Release|Any CPU.Build.0 = Release|Any CPU
		{92442BD6-F533-4BB8-8E04-9D93A038035E}.Release|x86.ActiveCfg = Release|Any CPU
		{E97D81F6-85E2-4F1F-906D-BE21766602E5}.Debug|Any CPU.ActiveCfg = Debug|x86
		{E97D81F6-85E2-4F1F-906D-BE21766602E5}.Debug|Any CPU.Build.0 = Debug|x86
		{E97D81F6-85E2-4F1F-906D-BE21766602E5}.Debug|x86.ActiveCfg = Debug|x86
		{E97D81F6-85E2-4F1F-906D-BE21766602E5}.Debug|x86.Build.0 = Debug|x86
		{E97D81F6-85E2-4F1F-906D-BE21766602E5}.Release|Any CPU.ActiveCfg = Release|x86
		{E97D81F6-85E2-4F1F-906D-BE21766602E5}.Release|Any CPU.Build.0 = Release|x86
		{E97D81F6-85E2-4F1F-906D-BE21766602E5}.Release|x86.ActiveCfg = Release|x86
		{A79F9D54-315C-472B-928F-713A5860B2BE}.Debug|Any CPU.ActiveCfg = Debug|Any CPU
		{A79F9D54-315C-472B-928F-713A5860B2BE}.Debug|Any CPU.Build.0 = Debug|Any CPU
		{A79F9D54-315C-472B-928F-713A5860B2BE}.Debug|x86.ActiveCfg = Debug|Any CPU
		{A79F9D54-315C-472B-928F-713A5860B2BE}.Debug|x86.Build.0 = Debug|Any CPU
		{A79F9D54-315C-472B-928F-713A5860B2BE}.Release|Any CPU.ActiveCfg = Release|Any CPU
		{A79F9D54-315C-472B-928F-713A5860B2BE}.Release|Any CPU.Build.0 = Release|Any CPU
		{A79F9D54-315C-472B-928F-713A5860B2BE}.Release|x86.ActiveCfg = Release|Any CPU
		{A79F9D54-315C-472B-928F-713A5860B2BE}.Release|x86.Build.0 = Release|Any CPU
		{4336F356-33DB-442A-BF74-5E89AF47A5B9}.Debug|Any CPU.ActiveCfg = Debug|x86
		{4336F356-33DB-442A-BF74-5E89AF47A5B9}.Debug|Any CPU.Build.0 = Debug|x86
		{4336F356-33DB-442A-BF74-5E89AF47A5B9}.Debug|x86.ActiveCfg = Debug|x86
		{4336F356-33DB-442A-BF74-5E89AF47A5B9}.Debug|x86.Build.0 = Debug|x86
		{4336F356-33DB-442A-BF74-5E89AF47A5B9}.Release|Any CPU.ActiveCfg = Release|x86
		{4336F356-33DB-442A-BF74-5E89AF47A5B9}.Release|Any CPU.Build.0 = Release|x86
		{4336F356-33DB-442A-BF74-5E89AF47A5B9}.Release|x86.ActiveCfg = Release|x86
		{4336F356-33DB-442A-BF74-5E89AF47A5B9}.Release|x86.Build.0 = Release|x86
	EndGlobalSection
	GlobalSection(SolutionProperties) = preSolution
		HideSolutionNode = FALSE
	EndGlobalSection
	GlobalSection(MonoDevelopProperties) = preSolution
		StartupItem = CKAN\CKAN.csproj
		Policies = $0
		$0.TextStylePolicy = $3
		$1.FileWidth = 120
		$1.TabsToSpaces = False
		$1.inheritsSet = VisualStudio
		$1.inheritsScope = text/plain
		$0.DotNetNamingPolicy = $2
		$2.DirectoryNamespaceAssociation = None
		$2.ResourceNamePolicy = FileFormatDefault
		$3.inheritsSet = VisualStudio
		$3.inheritsScope = text/plain
		$3.scope = text/x-csharp
		$0.CSharpFormattingPolicy = $4
		$4.IndentSwitchBody = True
		$4.AnonymousMethodBraceStyle = NextLine
		$4.PropertyBraceStyle = NextLine
		$4.PropertyGetBraceStyle = NextLine
		$4.PropertySetBraceStyle = NextLine
		$4.EventBraceStyle = NextLine
		$4.EventAddBraceStyle = NextLine
		$4.EventRemoveBraceStyle = NextLine
		$4.StatementBraceStyle = NextLine
		$4.ElseNewLinePlacement = NewLine
		$4.CatchNewLinePlacement = NewLine
		$4.FinallyNewLinePlacement = NewLine
		$4.WhileNewLinePlacement = DoNotCare
		$4.ArrayInitializerWrapping = DoNotChange
		$4.ArrayInitializerBraceStyle = NextLine
		$4.BeforeMethodDeclarationParentheses = False
		$4.BeforeMethodCallParentheses = False
		$4.BeforeConstructorDeclarationParentheses = False
		$4.BeforeDelegateDeclarationParentheses = False
		$4.NewParentheses = False
		$4.SpacesBeforeBrackets = False
		$4.inheritsSet = Mono
		$4.inheritsScope = text/x-csharp
		$4.scope = text/x-csharp
	EndGlobalSection
EndGlobal
