
Microsoft Visual Studio Solution File, Format Version 12.00
# Visual Studio 2012
Project("{FAE04EC0-301F-11D3-BF4B-00C04F79EFBC}") = "CKAN", "CKAN\CKAN.csproj", "{3B9AEA22-FA3B-4E43-9283-EABDD81CF271}"
EndProject
Project("{FAE04EC0-301F-11D3-BF4B-00C04F79EFBC}") = "Tests", "Tests\Tests.csproj", "{92442BD6-F533-4BB8-8E04-9D93A038035E}"
EndProject
Project("{FAE04EC0-301F-11D3-BF4B-00C04F79EFBC}") = "CmdLine", "CmdLine\CmdLine.csproj", "{E97D81F6-85E2-4F1F-906D-BE21766602E5}"
EndProject
Project("{FAE04EC0-301F-11D3-BF4B-00C04F79EFBC}") = "CKAN-GUI", "GUI\CKAN-GUI.csproj", "{A79F9D54-315C-472B-928F-713A5860B2BE}"
EndProject
Global
	GlobalSection(SolutionConfigurationPlatforms) = preSolution
		Debug|Any CPU = Debug|Any CPU
		Release|Any CPU = Release|Any CPU
	EndGlobalSection
	GlobalSection(ProjectConfigurationPlatforms) = postSolution
		{3B9AEA22-FA3B-4E43-9283-EABDD81CF271}.Debug|Any CPU.ActiveCfg = Debug|x86
		{3B9AEA22-FA3B-4E43-9283-EABDD81CF271}.Debug|Any CPU.Build.0 = Debug|x86
		{3B9AEA22-FA3B-4E43-9283-EABDD81CF271}.Release|Any CPU.ActiveCfg = Release|x86
		{3B9AEA22-FA3B-4E43-9283-EABDD81CF271}.Release|Any CPU.Build.0 = Release|x86
		{92442BD6-F533-4BB8-8E04-9D93A038035E}.Debug|Any CPU.ActiveCfg = Debug|Any CPU
		{92442BD6-F533-4BB8-8E04-9D93A038035E}.Debug|Any CPU.Build.0 = Debug|Any CPU
		{92442BD6-F533-4BB8-8E04-9D93A038035E}.Release|Any CPU.ActiveCfg = Release|Any CPU
		{92442BD6-F533-4BB8-8E04-9D93A038035E}.Release|Any CPU.Build.0 = Release|Any CPU
		{E97D81F6-85E2-4F1F-906D-BE21766602E5}.Debug|Any CPU.ActiveCfg = Debug|x86
		{E97D81F6-85E2-4F1F-906D-BE21766602E5}.Debug|Any CPU.Build.0 = Debug|x86
		{E97D81F6-85E2-4F1F-906D-BE21766602E5}.Release|Any CPU.ActiveCfg = Release|x86
		{E97D81F6-85E2-4F1F-906D-BE21766602E5}.Release|Any CPU.Build.0 = Release|x86
		{A79F9D54-315C-472B-928F-713A5860B2BE}.Debug|Any CPU.ActiveCfg = Debug|Any CPU
		{A79F9D54-315C-472B-928F-713A5860B2BE}.Debug|Any CPU.Build.0 = Debug|Any CPU
		{A79F9D54-315C-472B-928F-713A5860B2BE}.Release|Any CPU.ActiveCfg = Release|Any CPU
		{A79F9D54-315C-472B-928F-713A5860B2BE}.Release|Any CPU.Build.0 = Release|Any CPU
	EndGlobalSection
	GlobalSection(SolutionProperties) = preSolution
		HideSolutionNode = FALSE
	EndGlobalSection
	GlobalSection(MonoDevelopProperties) = preSolution
		StartupItem = CKAN\CKAN.csproj
		Policies = $0
		$0.TextStylePolicy = $5
		$1.FileWidth = 120
		$1.TabsToSpaces = False
		$1.inheritsSet = VisualStudio
		$1.inheritsScope = text/plain
		$0.DotNetNamingPolicy = $2
		$2.DirectoryNamespaceAssociation = None
		$2.ResourceNamePolicy = FileFormatDefault
		$3.inheritsSet = null
		$3.scope = text/x-csharp
		$0.CSharpFormattingPolicy = $4
		$4.ElseIfNewLinePlacement = SameLine
		$4.AfterDelegateDeclarationParameterComma = True
		$4.inheritsSet = Mono
		$4.inheritsScope = text/x-csharp
		$4.scope = text/x-csharp
		$5.NoTabsAfterNonTabs = True
		$5.inheritsSet = VisualStudio
		$5.inheritsScope = text/plain
		$5.scope = text/plain
		$0.StandardHeader = $6
		$6.Text = 
		$6.IncludeInNewFiles = True
	EndGlobalSection
EndGlobal
